// !$*UTF8*$!
{
	archiveVersion = 1;
	classes = {
	};
	objectVersion = 56;
	objects = {

/* Begin PBXBuildFile section */
		2E44A21F2B0B945600AF6D48 /* AppDelegate.swift in Sources */ = {isa = PBXBuildFile; fileRef = 2E44A21E2B0B945600AF6D48 /* AppDelegate.swift */; };
		2E44A2212B0B945600AF6D48 /* SceneDelegate.swift in Sources */ = {isa = PBXBuildFile; fileRef = 2E44A2202B0B945600AF6D48 /* SceneDelegate.swift */; };
		2E44A2232B0B945600AF6D48 /* ViewController.swift in Sources */ = {isa = PBXBuildFile; fileRef = 2E44A2222B0B945600AF6D48 /* ViewController.swift */; };
		2E44A2262B0B945600AF6D48 /* Main.storyboard in Resources */ = {isa = PBXBuildFile; fileRef = 2E44A2242B0B945600AF6D48 /* Main.storyboard */; };
		2E44A2282B0B945700AF6D48 /* Assets.xcassets in Resources */ = {isa = PBXBuildFile; fileRef = 2E44A2272B0B945700AF6D48 /* Assets.xcassets */; };
		2E44A22B2B0B945700AF6D48 /* LaunchScreen.storyboard in Resources */ = {isa = PBXBuildFile; fileRef = 2E44A2292B0B945700AF6D48 /* LaunchScreen.storyboard */; };
		2E44A2352B0BC5C700AF6D48 /* LandingViewModel.swift in Sources */ = {isa = PBXBuildFile; fileRef = 2E44A2342B0BC5C700AF6D48 /* LandingViewModel.swift */; };
		2E44A2382B0C6C8900AF6D48 /* LandingTableViewCell.swift in Sources */ = {isa = PBXBuildFile; fileRef = 2E44A2372B0C6C8900AF6D48 /* LandingTableViewCell.swift */; };
/* End PBXBuildFile section */

/* Begin PBXFileReference section */
		2E44A21B2B0B945600AF6D48 /* ONS.app */ = {isa = PBXFileReference; explicitFileType = wrapper.application; includeInIndex = 0; path = ONS.app; sourceTree = BUILT_PRODUCTS_DIR; };
		2E44A21E2B0B945600AF6D48 /* AppDelegate.swift */ = {isa = PBXFileReference; lastKnownFileType = sourcecode.swift; path = AppDelegate.swift; sourceTree = "<group>"; };
		2E44A2202B0B945600AF6D48 /* SceneDelegate.swift */ = {isa = PBXFileReference; lastKnownFileType = sourcecode.swift; path = SceneDelegate.swift; sourceTree = "<group>"; };
		2E44A2222B0B945600AF6D48 /* ViewController.swift */ = {isa = PBXFileReference; lastKnownFileType = sourcecode.swift; path = ViewController.swift; sourceTree = "<group>"; };
		2E44A2252B0B945600AF6D48 /* Base */ = {isa = PBXFileReference; lastKnownFileType = file.storyboard; name = Base; path = Base.lproj/Main.storyboard; sourceTree = "<group>"; };
		2E44A2272B0B945700AF6D48 /* Assets.xcassets */ = {isa = PBXFileReference; lastKnownFileType = folder.assetcatalog; path = Assets.xcassets; sourceTree = "<group>"; };
		2E44A22A2B0B945700AF6D48 /* Base */ = {isa = PBXFileReference; lastKnownFileType = file.storyboard; name = Base; path = Base.lproj/LaunchScreen.storyboard; sourceTree = "<group>"; };
		2E44A22C2B0B945700AF6D48 /* Info.plist */ = {isa = PBXFileReference; lastKnownFileType = text.plist.xml; path = Info.plist; sourceTree = "<group>"; };
		2E44A2342B0BC5C700AF6D48 /* LandingViewModel.swift */ = {isa = PBXFileReference; lastKnownFileType = sourcecode.swift; path = LandingViewModel.swift; sourceTree = "<group>"; };
		2E44A2372B0C6C8900AF6D48 /* LandingTableViewCell.swift */ = {isa = PBXFileReference; lastKnownFileType = sourcecode.swift; path = LandingTableViewCell.swift; sourceTree = "<group>"; };
/* End PBXFileReference section */

/* Begin PBXFrameworksBuildPhase section */
		2E44A2182B0B945600AF6D48 /* Frameworks */ = {
			isa = PBXFrameworksBuildPhase;
			buildActionMask = 2147483647;
			files = (
			);
			runOnlyForDeploymentPostprocessing = 0;
		};
/* End PBXFrameworksBuildPhase section */

/* Begin PBXGroup section */
		2E44A2122B0B945500AF6D48 = {
			isa = PBXGroup;
			children = (
				2E44A21D2B0B945600AF6D48 /* ONS */,
				2E44A21C2B0B945600AF6D48 /* Products */,
			);
			sourceTree = "<group>";
		};
		2E44A21C2B0B945600AF6D48 /* Products */ = {
			isa = PBXGroup;
			children = (
				2E44A21B2B0B945600AF6D48 /* ONS.app */,
			);
			name = Products;
			sourceTree = "<group>";
		};
		2E44A21D2B0B945600AF6D48 /* ONS */ = {
			isa = PBXGroup;
			children = (
				2E44A2322B0B94BA00AF6D48 /* Landing */,
				2E44A21E2B0B945600AF6D48 /* AppDelegate.swift */,
				2E44A2202B0B945600AF6D48 /* SceneDelegate.swift */,
				2E44A2242B0B945600AF6D48 /* Main.storyboard */,
				2E44A2272B0B945700AF6D48 /* Assets.xcassets */,
				2E44A2292B0B945700AF6D48 /* LaunchScreen.storyboard */,
				2E44A22C2B0B945700AF6D48 /* Info.plist */,
			);
			path = ONS;
			sourceTree = "<group>";
		};
		2E44A2322B0B94BA00AF6D48 /* Landing */ = {
			isa = PBXGroup;
			children = (
				2E44A2362B0C6C6200AF6D48 /* View */,
				2E44A2332B0B94C200AF6D48 /* ViewModel */,
			);
			path = Landing;
			sourceTree = "<group>";
		};
		2E44A2332B0B94C200AF6D48 /* ViewModel */ = {
			isa = PBXGroup;
			children = (
				2E44A2342B0BC5C700AF6D48 /* LandingViewModel.swift */,
			);
			path = ViewModel;
			sourceTree = "<group>";
		};
		2E44A2362B0C6C6200AF6D48 /* View */ = {
			isa = PBXGroup;
			children = (
				2E44A2222B0B945600AF6D48 /* ViewController.swift */,
				2E44A2372B0C6C8900AF6D48 /* LandingTableViewCell.swift */,
			);
			path = View;
			sourceTree = "<group>";
		};
/* End PBXGroup section */

/* Begin PBXNativeTarget section */
		2E44A21A2B0B945600AF6D48 /* ONS */ = {
			isa = PBXNativeTarget;
			buildConfigurationList = 2E44A22F2B0B945700AF6D48 /* Build configuration list for PBXNativeTarget "ONS" */;
			buildPhases = (
				2E44A2172B0B945600AF6D48 /* Sources */,
				2E44A2182B0B945600AF6D48 /* Frameworks */,
				2E44A2192B0B945600AF6D48 /* Resources */,
			);
			buildRules = (
			);
			dependencies = (
			);
			name = ONS;
			productName = ONS;
			productReference = 2E44A21B2B0B945600AF6D48 /* ONS.app */;
			productType = "com.apple.product-type.application";
		};
/* End PBXNativeTarget section */

/* Begin PBXProject section */
		2E44A2132B0B945500AF6D48 /* Project object */ = {
			isa = PBXProject;
			attributes = {
				BuildIndependentTargetsInParallel = 1;
				LastSwiftUpdateCheck = 1500;
				LastUpgradeCheck = 1500;
				TargetAttributes = {
					2E44A21A2B0B945600AF6D48 = {
						CreatedOnToolsVersion = 15.0.1;
					};
				};
			};
			buildConfigurationList = 2E44A2162B0B945500AF6D48 /* Build configuration list for PBXProject "ONS" */;
			compatibilityVersion = "Xcode 14.0";
			developmentRegion = en;
			hasScannedForEncodings = 0;
			knownRegions = (
				en,
				Base,
			);
			mainGroup = 2E44A2122B0B945500AF6D48;
			productRefGroup = 2E44A21C2B0B945600AF6D48 /* Products */;
			projectDirPath = "";
			projectRoot = "";
			targets = (
				2E44A21A2B0B945600AF6D48 /* ONS */,
			);
		};
/* End PBXProject section */

/* Begin PBXResourcesBuildPhase section */
		2E44A2192B0B945600AF6D48 /* Resources */ = {
			isa = PBXResourcesBuildPhase;
			buildActionMask = 2147483647;
			files = (
				2E44A22B2B0B945700AF6D48 /* LaunchScreen.storyboard in Resources */,
				2E44A2282B0B945700AF6D48 /* Assets.xcassets in Resources */,
				2E44A2262B0B945600AF6D48 /* Main.storyboard in Resources */,
			);
			runOnlyForDeploymentPostprocessing = 0;
		};
/* End PBXResourcesBuildPhase section */

/* Begin PBXSourcesBuildPhase section */
		2E44A2172B0B945600AF6D48 /* Sources */ = {
			isa = PBXSourcesBuildPhase;
			buildActionMask = 2147483647;
			files = (
				2E44A2382B0C6C8900AF6D48 /* LandingTableViewCell.swift in Sources */,
				2E44A2232B0B945600AF6D48 /* ViewController.swift in Sources */,
				2E44A21F2B0B945600AF6D48 /* AppDelegate.swift in Sources */,
				2E44A2212B0B945600AF6D48 /* SceneDelegate.swift in Sources */,
				2E44A2352B0BC5C700AF6D48 /* LandingViewModel.swift in Sources */,
			);
			runOnlyForDeploymentPostprocessing = 0;
		};
/* End PBXSourcesBuildPhase section */

/* Begin PBXVariantGroup section */
		2E44A2242B0B945600AF6D48 /* Main.storyboard */ = {
			isa = PBXVariantGroup;
			children = (
				2E44A2252B0B945600AF6D48 /* Base */,
			);
			name = Main.storyboard;
			sourceTree = "<group>";
		};
		2E44A2292B0B945700AF6D48 /* LaunchScreen.storyboard */ = {
			isa = PBXVariantGroup;
			children = (
				2E44A22A2B0B945700AF6D48 /* Base */,
			);
			name = LaunchScreen.storyboard;
			sourceTree = "<group>";
		};
/* End PBXVariantGroup section */

/* Begin XCBuildConfiguration section */
		2E44A22D2B0B945700AF6D48 /* Debug */ = {
			isa = XCBuildConfiguration;
			buildSettings = {
				ALWAYS_SEARCH_USER_PATHS = NO;
				ASSETCATALOG_COMPILER_GENERATE_SWIFT_ASSET_SYMBOL_EXTENSIONS = YES;
				CLANG_ANALYZER_NONNULL = YES;
				CLANG_ANALYZER_NUMBER_OBJECT_CONVERSION = YES_AGGRESSIVE;
				CLANG_CXX_LANGUAGE_STANDARD = "gnu++20";
				CLANG_ENABLE_MODULES = YES;
				CLANG_ENABLE_OBJC_ARC = YES;
				CLANG_ENABLE_OBJC_WEAK = YES;
				CLANG_WARN_BLOCK_CAPTURE_AUTORELEASING = YES;
				CLANG_WARN_BOOL_CONVERSION = YES;
				CLANG_WARN_COMMA = YES;
				CLANG_WARN_CONSTANT_CONVERSION = YES;
				CLANG_WARN_DEPRECATED_OBJC_IMPLEMENTATIONS = YES;
				CLANG_WARN_DIRECT_OBJC_ISA_USAGE = YES_ERROR;
				CLANG_WARN_DOCUMENTATION_COMMENTS = YES;
				CLANG_WARN_EMPTY_BODY = YES;
				CLANG_WARN_ENUM_CONVERSION = YES;
				CLANG_WARN_INFINITE_RECURSION = YES;
				CLANG_WARN_INT_CONVERSION = YES;
				CLANG_WARN_NON_LITERAL_NULL_CONVERSION = YES;
				CLANG_WARN_OBJC_IMPLICIT_RETAIN_SELF = YES;
				CLANG_WARN_OBJC_LITERAL_CONVERSION = YES;
				CLANG_WARN_OBJC_ROOT_CLASS = YES_ERROR;
				CLANG_WARN_QUOTED_INCLUDE_IN_FRAMEWORK_HEADER = YES;
				CLANG_WARN_RANGE_LOOP_ANALYSIS = YES;
				CLANG_WARN_STRICT_PROTOTYPES = YES;
				CLANG_WARN_SUSPICIOUS_MOVE = YES;
				CLANG_WARN_UNGUARDED_AVAILABILITY = YES_AGGRESSIVE;
				CLANG_WARN_UNREACHABLE_CODE = YES;
				CLANG_WARN__DUPLICATE_METHOD_MATCH = YES;
				COPY_PHASE_STRIP = NO;
				DEBUG_INFORMATION_FORMAT = dwarf;
				ENABLE_STRICT_OBJC_MSGSEND = YES;
				ENABLE_TESTABILITY = YES;
				ENABLE_USER_SCRIPT_SANDBOXING = YES;
				GCC_C_LANGUAGE_STANDARD = gnu17;
				GCC_DYNAMIC_NO_PIC = NO;
				GCC_NO_COMMON_BLOCKS = YES;
				GCC_OPTIMIZATION_LEVEL = 0;
				GCC_PREPROCESSOR_DEFINITIONS = (
					"DEBUG=1",
					"$(inherited)",
				);
				GCC_WARN_64_TO_32_BIT_CONVERSION = YES;
				GCC_WARN_ABOUT_RETURN_TYPE = YES_ERROR;
				GCC_WARN_UNDECLARED_SELECTOR = YES;
				GCC_WARN_UNINITIALIZED_AUTOS = YES_AGGRESSIVE;
				GCC_WARN_UNUSED_FUNCTION = YES;
				GCC_WARN_UNUSED_VARIABLE = YES;
				IPHONEOS_DEPLOYMENT_TARGET = 17.0;
				LOCALIZATION_PREFERS_STRING_CATALOGS = YES;
				MTL_ENABLE_DEBUG_INFO = INCLUDE_SOURCE;
				MTL_FAST_MATH = YES;
				ONLY_ACTIVE_ARCH = YES;
				SDKROOT = iphoneos;
				SWIFT_ACTIVE_COMPILATION_CONDITIONS = "DEBUG $(inherited)";
				SWIFT_OPTIMIZATION_LEVEL = "-Onone";
			};
			name = Debug;
		};
		2E44A22E2B0B945700AF6D48 /* Release */ = {
			isa = XCBuildConfiguration;
			buildSettings = {
				ALWAYS_SEARCH_USER_PATHS = NO;
				ASSETCATALOG_COMPILER_GENERATE_SWIFT_ASSET_SYMBOL_EXTENSIONS = YES;
				CLANG_ANALYZER_NONNULL = YES;
				CLANG_ANALYZER_NUMBER_OBJECT_CONVERSION = YES_AGGRESSIVE;
				CLANG_CXX_LANGUAGE_STANDARD = "gnu++20";
				CLANG_ENABLE_MODULES = YES;
				CLANG_ENABLE_OBJC_ARC = YES;
				CLANG_ENABLE_OBJC_WEAK = YES;
				CLANG_WARN_BLOCK_CAPTURE_AUTORELEASING = YES;
				CLANG_WARN_BOOL_CONVERSION = YES;
				CLANG_WARN_COMMA = YES;
				CLANG_WARN_CONSTANT_CONVERSION = YES;
				CLANG_WARN_DEPRECATED_OBJC_IMPLEMENTATIONS = YES;
				CLANG_WARN_DIRECT_OBJC_ISA_USAGE = YES_ERROR;
				CLANG_WARN_DOCUMENTATION_COMMENTS = YES;
				CLANG_WARN_EMPTY_BODY = YES;
				CLANG_WARN_ENUM_CONVERSION = YES;
				CLANG_WARN_INFINITE_RECURSION = YES;
				CLANG_WARN_INT_CONVERSION = YES;
				CLANG_WARN_NON_LITERAL_NULL_CONVERSION = YES;
				CLANG_WARN_OBJC_IMPLICIT_RETAIN_SELF = YES;
				CLANG_WARN_OBJC_LITERAL_CONVERSION = YES;
				CLANG_WARN_OBJC_ROOT_CLASS = YES_ERROR;
				CLANG_WARN_QUOTED_INCLUDE_IN_FRAMEWORK_HEADER = YES;
				CLANG_WARN_RANGE_LOOP_ANALYSIS = YES;
				CLANG_WARN_STRICT_PROTOTYPES = YES;
				CLANG_WARN_SUSPICIOUS_MOVE = YES;
				CLANG_WARN_UNGUARDED_AVAILABILITY = YES_AGGRESSIVE;
				CLANG_WARN_UNREACHABLE_CODE = YES;
				CLANG_WARN__DUPLICATE_METHOD_MATCH = YES;
				COPY_PHASE_STRIP = NO;
				DEBUG_INFORMATION_FORMAT = "dwarf-with-dsym";
				ENABLE_NS_ASSERTIONS = NO;
				ENABLE_STRICT_OBJC_MSGSEND = YES;
				ENABLE_USER_SCRIPT_SANDBOXING = YES;
				GCC_C_LANGUAGE_STANDARD = gnu17;
				GCC_NO_COMMON_BLOCKS = YES;
				GCC_WARN_64_TO_32_BIT_CONVERSION = YES;
				GCC_WARN_ABOUT_RETURN_TYPE = YES_ERROR;
				GCC_WARN_UNDECLARED_SELECTOR = YES;
				GCC_WARN_UNINITIALIZED_AUTOS = YES_AGGRESSIVE;
				GCC_WARN_UNUSED_FUNCTION = YES;
				GCC_WARN_UNUSED_VARIABLE = YES;
				IPHONEOS_DEPLOYMENT_TARGET = 17.0;
				LOCALIZATION_PREFERS_STRING_CATALOGS = YES;
				MTL_ENABLE_DEBUG_INFO = NO;
				MTL_FAST_MATH = YES;
				SDKROOT = iphoneos;
				SWIFT_COMPILATION_MODE = wholemodule;
				VALIDATE_PRODUCT = YES;
			};
			name = Release;
		};
		2E44A2302B0B945700AF6D48 /* Debug */ = {
			isa = XCBuildConfiguration;
			buildSettings = {
				ASSETCATALOG_COMPILER_APPICON_NAME = AppIcon;
				ASSETCATALOG_COMPILER_GLOBAL_ACCENT_COLOR_NAME = AccentColor;
				CODE_SIGN_STYLE = Automatic;
				CURRENT_PROJECT_VERSION = 1;
				DEVELOPMENT_TEAM = VUQ58N42WG;
				GENERATE_INFOPLIST_FILE = YES;
				INFOPLIST_FILE = ONS/Info.plist;
				INFOPLIST_KEY_UIApplicationSupportsIndirectInputEvents = YES;
				INFOPLIST_KEY_UILaunchStoryboardName = LaunchScreen;
				INFOPLIST_KEY_UIMainStoryboardFile = Main;
				INFOPLIST_KEY_UISupportedInterfaceOrientations_iPad = "UIInterfaceOrientationPortrait UIInterfaceOrientationPortraitUpsideDown UIInterfaceOrientationLandscapeLeft UIInterfaceOrientationLandscapeRight";
				INFOPLIST_KEY_UISupportedInterfaceOrientations_iPhone = "UIInterfaceOrientationPortrait UIInterfaceOrientationLandscapeLeft UIInterfaceOrientationLandscapeRight";
				LD_RUNPATH_SEARCH_PATHS = (
					"$(inherited)",
					"@executable_path/Frameworks",
				);
				MARKETING_VERSION = 1.0;
				PRODUCT_BUNDLE_IDENTIFIER = com.amberkatyal.ONS;
				PRODUCT_NAME = "$(TARGET_NAME)";
				SWIFT_EMIT_LOC_STRINGS = YES;
				SWIFT_VERSION = 5.0;
				TARGETED_DEVICE_FAMILY = "1,2";
			};
			name = Debug;
		};
		2E44A2312B0B945700AF6D48 /* Release */ = {
			isa = XCBuildConfiguration;
			buildSettings = {
				ASSETCATALOG_COMPILER_APPICON_NAME = AppIcon;
				ASSETCATALOG_COMPILER_GLOBAL_ACCENT_COLOR_NAME = AccentColor;
				CODE_SIGN_STYLE = Automatic;
				CURRENT_PROJECT_VERSION = 1;
				DEVELOPMENT_TEAM = VUQ58N42WG;
				GENERATE_INFOPLIST_FILE = YES;
				INFOPLIST_FILE = ONS/Info.plist;
				INFOPLIST_KEY_UIApplicationSupportsIndirectInputEvents = YES;
				INFOPLIST_KEY_UILaunchStoryboardName = LaunchScreen;
				INFOPLIST_KEY_UIMainStoryboardFile = Main;
				INFOPLIST_KEY_UISupportedInterfaceOrientations_iPad = "UIInterfaceOrientationPortrait UIInterfaceOrientationPortraitUpsideDown UIInterfaceOrientationLandscapeLeft UIInterfaceOrientationLandscapeRight";
				INFOPLIST_KEY_UISupportedInterfaceOrientations_iPhone = "UIInterfaceOrientationPortrait UIInterfaceOrientationLandscapeLeft UIInterfaceOrientationLandscapeRight";
				LD_RUNPATH_SEARCH_PATHS = (
					"$(inherited)",
					"@executable_path/Frameworks",
				);
				MARKETING_VERSION = 1.0;
				PRODUCT_BUNDLE_IDENTIFIER = com.amberkatyal.ONS;
				PRODUCT_NAME = "$(TARGET_NAME)";
				SWIFT_EMIT_LOC_STRINGS = YES;
				SWIFT_VERSION = 5.0;
				TARGETED_DEVICE_FAMILY = "1,2";
			};
			name = Release;
		};
/* End XCBuildConfiguration section */

/* Begin XCConfigurationList section */
		2E44A2162B0B945500AF6D48 /* Build configuration list for PBXProject "ONS" */ = {
			isa = XCConfigurationList;
			buildConfigurations = (
				2E44A22D2B0B945700AF6D48 /* Debug */,
				2E44A22E2B0B945700AF6D48 /* Release */,
			);
			defaultConfigurationIsVisible = 0;
			defaultConfigurationName = Release;
		};
		2E44A22F2B0B945700AF6D48 /* Build configuration list for PBXNativeTarget "ONS" */ = {
			isa = XCConfigurationList;
			buildConfigurations = (
				2E44A2302B0B945700AF6D48 /* Debug */,
				2E44A2312B0B945700AF6D48 /* Release */,
			);
			defaultConfigurationIsVisible = 0;
			defaultConfigurationName = Release;
		};
/* End XCConfigurationList section */
	};
	rootObject = 2E44A2132B0B945500AF6D48 /* Project object */;
}
